
Microsoft Visual Studio Solution File, Format Version 12.00
# Visual Studio 15
VisualStudioVersion = 15.0.28307.757
MinimumVisualStudioVersion = 10.0.40219.1
Project("{FAE04EC0-301F-11D3-BF4B-00C04F79EFBC}") = "StreamCounter", "StreamCounter\StreamCounter.csproj", "{76B6F448-C6C4-47CD-A701-3D001DFD611B}"
EndProject
Global
	GlobalSection(SolutionConfigurationPlatforms) = preSolution
		Debug|Any CPU = Debug|Any CPU
		Release|Any CPU = Release|Any CPU
	EndGlobalSection
	GlobalSection(ProjectConfigurationPlatforms) = postSolution
		{76B6F448-C6C4-47CD-A701-3D001DFD611B}.Debug|Any CPU.ActiveCfg = Debug|Any CPU
		{76B6F448-C6C4-47CD-A701-3D001DFD611B}.Debug|Any CPU.Build.0 = Debug|Any CPU
		{76B6F448-C6C4-47CD-A701-3D001DFD611B}.Release|Any CPU.ActiveCfg = Release|Any CPU
		{76B6F448-C6C4-47CD-A701-3D001DFD611B}.Release|Any CPU.Build.0 = Release|Any CPU
	EndGlobalSection
	GlobalSection(SolutionProperties) = preSolution
		HideSolutionNode = FALSE
	EndGlobalSection
	GlobalSection(ExtensibilityGlobals) = postSolution
		SolutionGuid = {25836B21-398F-43E0-B673-3B3332E8BB99}
	EndGlobalSection
EndGlobal
